github.com/aws/aws-sdk-go v1.19.20 h1:jom7GnR7rnJpTBMgK9X0+u9KtjAzZncAwkp2ARHIj3U=
github.com/aws/aws-sdk-go v1.19.20/go.mod h1:KmX6BPdI08NWTb3/sm4ZGu5ShLoqVDhKgpiN924inxo=
github.com/heroku/x v0.0.0-20181102215100-85e5aa5e6aa1 h1:I8YR/oRdhG/wb78Z5MBbeWkLPuhEZd/uKXub8LMyBGk=
github.com/heroku/x v0.0.0-20181102215100-85e5aa5e6aa1/go.mod h1:opmAyjmIGn9/Y+9Nia6eIaktIXIoMhhFXEFbHLMsX3Y=
github.com/jbowens/pqtest v0.0.0-20181205033117-08443d0bab4d h1:YnQSvjD3JeLaMOmJY5I8RiR6KbIY91n8Dj671THtJ9M=
github.com/jbowens/pqtest v0.0.0-20181205033117-08443d0bab4d/go.mod h1:utalfLGuLPyfgOq3iUmHRx81g79Cgf8nP1qQeCgokx8=
github.com/jmespath/go-jmespath v0.0.0-20180206201540-c2b33e8439af h1:pmfjZENx5imkbgOkpRUYLnmbU7UEFbjtDA2hxJ1ichM=
github.com/jmespath/go-jmespath v0.0.0-20180206201540-c2b33e8439af/go.mod h1:Nht3zPeWKUH0NzdCt2Blrr5ys8VGpn0CEB0cQHVjt7k=
github.com/kr/githubauth v0.1.0 h1:QJpXG3gY1+uExY0v9yphSDz17jou3x6kBXlnax/eSgo=
github.com/kr/githubauth v0.1.0/go.mod h1:nUzLmbq5X7shI0aWhMT0wrdaTBm37LLJ9SZzeMjFX9w=
github.com/kr/session v0.1.0 h1:GbCiglRv8owzJNh481e3XuvcwtQKLzcC5GLWeuv71RE=
github.com/kr/session v0.1.0/go.mod h1:lMl9UjoVzvWb8fhrlB6LYfKyfj1nAX8vxa8hTF0usSc=
github.com/lib/pq v1.1.0 h1:/5u4a+KGJptBRqGzPvYQL9p0d/tPR4S31+Tnzj9lEO4=
github.com/lib/pq v1.1.0/go.mod h1:5WUZQaWbwv1U+lTReE5YruASi9Al49XbQIvNi/34Woo=
github.com/philhofer/fwd v1.0.0 h1:UbZqGr5Y38ApvM/V/jEljVxwocdweyH+vmYvRPBnbqQ=
github.com/philhofer/fwd v1.0.0/go.mod h1:gk3iGcWd9+svBvR0sR+KPcfE+RNWozjowpeBVG3ZVNU=
github.com/tinylib/msgp v1.1.0 h1:9fQd+ICuRIu/ue4vxJZu6/LzxN0HwMds2nq/0cFvxHU=
github.com/tinylib/msgp v1.1.0/go.mod h1:+d+yLhGm8mzTaHzB+wgMYrodPfmZrzkirds8fDWklFE=
golang.org/x/crypto v0.0.0-20180505025534-4ec37c66abab h1:w4c/LoOA2vE8SYwh8wEEQVRUwpph7TtcjH7AtZvOjy0=
golang.org/x/crypto v0.0.0-20180505025534-4ec37c66abab/go.mod h1:6SG95UA2DQfeDnfUPMdvaQW0Q7yPrPDi9nlGo2tz2b4=
golang.org/x/net v0.0.0-20180502164142-640f4622ab69 h1:+Ybm3UzSfPpp+Hlr62ZTCtbC9DmCKX61f0r74+peGts=
golang.org/x/net v0.0.0-20180502164142-640f4622ab69/go.mod h1:mL1N/T3taQHkDXs73rZJwtUhF3w3ftmwwsq0BUmARs4=
golang.org/x/oauth2 v0.0.0-20180503012634-cdc340f7c179 h1:i7nIATcLJZqBHx/NOl8hfnkelUjmcyEhCN1/oISBrUc=
golang.org/x/oauth2 v0.0.0-20180503012634-cdc340f7c179/go.mod h1:N/0e6XlmueqKjAGxoOufVs8QHGRruUQn6yWY3a++T0U=
golang.org/x/xerrors v0.0.0-20190410155217-1f06c39b4373 h1:PPwnA7z1Pjf7XYaBP9GL1VAMZmcIWyFz7QCMSIIa3Bg=
golang.org/x/xerrors v0.0.0-20190410155217-1f06c39b4373/go.mod h1:I/5z698sn9Ka8TeJc9MKroUUfqBBauWjQqLJ2OPfmY0=
gopkg.in/DataDog/dd-trace-go.v1 v1.12.1 h1:zkyLw+Uq6BvGwy5hFeLVI1ePgOkqJswFPL1uOx6SSA4=
gopkg.in/DataDog/dd-trace-go.v1 v1.12.1/go.mod h1:DVp8HmDh8PuTu2Z0fVVlBsyWaC++fzwVCaGWylTe3tg=
